<?xml version="1.0" encoding="utf-8"?>
<Project ToolsVersion="4.0" xmlns="http://schemas.microsoft.com/developer/msbuild/2003">
  <ItemGroup>
    <Filter Include="소스 파일">
      <UniqueIdentifier>{4FC737F1-C7A5-4376-A066-2A32D752A2FF}</UniqueIdentifier>
      <Extensions>cpp;c;cc;cxx;c++;cppm;ixx;def;odl;idl;hpj;bat;asm;asmx</Extensions>
    </Filter>
    <Filter Include="헤더 파일">
      <UniqueIdentifier>{93995380-89BD-4b04-88EB-625FBE52EBFB}</UniqueIdentifier>
      <Extensions>h;hh;hpp;hxx;h++;hm;inl;inc;ipp;xsd</Extensions>
    </Filter>
    <Filter Include="리소스 파일">
      <UniqueIdentifier>{67DA6AB6-F800-4c08-8B7A-83BB121AAD01}</UniqueIdentifier>
      <Extensions>rc;ico;cur;bmp;dlg;rc2;rct;bin;rgs;gif;jpg;jpeg;jpe;resx;tiff;tif;png;wav;mfcribbon-ms</Extensions>
    </Filter>
  </ItemGroup>
  <ItemGroup>
    <ClInclude Include="Source\Modules\Core\AppBase.h">
      <Filter>헤더 파일</Filter>
    </ClInclude>
    <ClInclude Include="Source\Modules\Core\Assert\CoreAssert.h">
      <Filter>헤더 파일</Filter>
    </ClInclude>
    <ClInclude Include="Source\Modules\Core\CoreStruct.h">
      <Filter>헤더 파일</Filter>
    </ClInclude>
    <ClInclude Include="Source\Modules\Core\Timer.h">
      <Filter>헤더 파일</Filter>
    </ClInclude>
    <ClInclude Include="Source\Modules\Core\Transform.h">
      <Filter>헤더 파일</Filter>
    </ClInclude>
    <ClInclude Include="Source\Modules\Core\Win32Window.h">
      <Filter>헤더 파일</Filter>
    </ClInclude>
    <ClInclude Include="Source\Modules\Game\Actor.h">
      <Filter>헤더 파일</Filter>
    </ClInclude>
    <ClInclude Include="Source\Modules\Game\Actors\DirectionalLightActor.h">
      <Filter>헤더 파일</Filter>
    </ClInclude>
    <ClInclude Include="Source\Modules\Game\Actors\SpotLightActor.h">
      <Filter>헤더 파일</Filter>
    </ClInclude>
    <ClInclude Include="Source\Modules\Game\Actors\StaticMeshActor.h">
      <Filter>헤더 파일</Filter>
    </ClInclude>
    <ClInclude Include="Source\Modules\Game\Components\ActorComponent.h">
      <Filter>헤더 파일</Filter>
    </ClInclude>
    <ClInclude Include="Source\Modules\Game\Components\DirectionalLightComponent.h">
      <Filter>헤더 파일</Filter>
    </ClInclude>
    <ClInclude Include="Source\Modules\Game\Components\SceneComponent.h">
      <Filter>헤더 파일</Filter>
    </ClInclude>
    <ClInclude Include="Source\Modules\Game\Components\SpotLightComponent.h">
      <Filter>헤더 파일</Filter>
    </ClInclude>
    <ClInclude Include="Source\Modules\Game\Components\StaticMeshComponent.h">
      <Filter>헤더 파일</Filter>
    </ClInclude>
    <ClInclude Include="Source\Modules\Game\MeshData.h">
      <Filter>헤더 파일</Filter>
    </ClInclude>
    <ClInclude Include="Source\Modules\Game\World.h">
      <Filter>헤더 파일</Filter>
    </ClInclude>
    <ClInclude Include="Source\Modules\Graphics\Dx11Context.h">
      <Filter>헤더 파일</Filter>
    </ClInclude>
    <ClInclude Include="Source\Modules\Graphics\Material\Material.h">
      <Filter>헤더 파일</Filter>
    </ClInclude>
    <ClInclude Include="Source\Modules\Graphics\Material\MaterialConstants.h">
      <Filter>헤더 파일</Filter>
    </ClInclude>
    <ClInclude Include="Source\Modules\Graphics\Material\MaterialInstance.h">
      <Filter>헤더 파일</Filter>
    </ClInclude>
    <ClInclude Include="Source\Modules\Graphics\Material\ParameterBlock.h">
      <Filter>헤더 파일</Filter>
    </ClInclude>
    <ClInclude Include="Source\Modules\Graphics\Mesh\MeshLoader.h">
      <Filter>헤더 파일</Filter>
    </ClInclude>
    <ClInclude Include="Source\Modules\Graphics\RenderState.h">
      <Filter>헤더 파일</Filter>
    </ClInclude>
    <ClInclude Include="Source\Modules\Graphics\ShaderProgram.h">
      <Filter>헤더 파일</Filter>
    </ClInclude>
    <ClInclude Include="Source\Modules\Graphics\ShadowMap.h">
      <Filter>헤더 파일</Filter>
    </ClInclude>
    <ClInclude Include="Source\Modules\Graphics\Texture\Texture.h">
      <Filter>헤더 파일</Filter>
    </ClInclude>
    <ClInclude Include="Source\Modules\Input\Input.h">
      <Filter>헤더 파일</Filter>
    </ClInclude>
    <ClInclude Include="Source\Modules\Renderer\Cull\Frustum.h">
      <Filter>헤더 파일</Filter>
    </ClInclude>
    <ClInclude Include="Source\Modules\Renderer\FrameResources.h">
      <Filter>헤더 파일</Filter>
    </ClInclude>
    <ClInclude Include="Source\Modules\Renderer\Material\MaterialInstanceGPUManager.h">
      <Filter>헤더 파일</Filter>
    </ClInclude>
    <ClInclude Include="Source\Modules\Renderer\Pass\ForwardPass.h">
      <Filter>헤더 파일</Filter>
    </ClInclude>
    <ClInclude Include="Source\Modules\Renderer\Pass\IRenderPass.h">
      <Filter>헤더 파일</Filter>
    </ClInclude>
    <ClInclude Include="Source\Modules\Renderer\Pass\ShadowPass.h">
      <Filter>헤더 파일</Filter>
    </ClInclude>
    <ClInclude Include="Source\Modules\Renderer\Renderer.h">
      <Filter>헤더 파일</Filter>
    </ClInclude>
    <ClInclude Include="Source\Modules\Renderer\RenderQueue.h">
      <Filter>헤더 파일</Filter>
    </ClInclude>
    <ClInclude Include="Source\Modules\Renderer\RenderStruct.h">
      <Filter>헤더 파일</Filter>
    </ClInclude>
    <ClInclude Include="Source\Modules\Renderer\RenderTypes.h">
      <Filter>헤더 파일</Filter>
    </ClInclude>
    <ClInclude Include="Source\Modules\Renderer\SceneProxy\StaticMeshSceneProxy.h">
      <Filter>헤더 파일</Filter>
    </ClInclude>
    <ClInclude Include="Source\Modules\Renderer\SceneView.h">
      <Filter>헤더 파일</Filter>
    </ClInclude>
    <ClInclude Include="Source\Modules\Scene\Camera.h">
      <Filter>헤더 파일</Filter>
    </ClInclude>
    <ClInclude Include="Source\Modules\Scene\Mesh\MeshManager.h">
      <Filter>헤더 파일</Filter>
    </ClInclude>
    <ClInclude Include="Source\Modules\Scene\Scene.h">
      <Filter>헤더 파일</Filter>
    </ClInclude>
    <ClInclude Include="Source\Modules\Scene\Utils\MeshFactory.h">
      <Filter>헤더 파일</Filter>
    </ClInclude>
    <ClInclude Include="Source\Modules\Scene\Viewport\ViewportClient.h">
      <Filter>헤더 파일</Filter>
    </ClInclude>
  </ItemGroup>
  <ItemGroup>
    <ClCompile Include="Source\main.cpp">
      <Filter>소스 파일</Filter>
    </ClCompile>
    <ClCompile Include="Source\Modules\Core\AppBase.cpp">
      <Filter>소스 파일</Filter>
    </ClCompile>
    <ClCompile Include="Source\Modules\Core\Assert\CoreAssert.cpp">
      <Filter>소스 파일</Filter>
    </ClCompile>
    <ClCompile Include="Source\Modules\Core\Timer.cpp">
      <Filter>소스 파일</Filter>
    </ClCompile>
    <ClCompile Include="Source\Modules\Core\Transform.cpp">
      <Filter>소스 파일</Filter>
    </ClCompile>
    <ClCompile Include="Source\Modules\Core\Win32Window.cpp">
      <Filter>소스 파일</Filter>
    </ClCompile>
    <ClCompile Include="Source\Modules\Game\Actor.cpp">
      <Filter>소스 파일</Filter>
    </ClCompile>
    <ClCompile Include="Source\Modules\Game\Actors\DirectionalLightActor.cpp">
      <Filter>소스 파일</Filter>
    </ClCompile>
    <ClCompile Include="Source\Modules\Game\Actors\SpotLightActor.cpp">
      <Filter>소스 파일</Filter>
    </ClCompile>
    <ClCompile Include="Source\Modules\Game\Actors\StaticMeshActor.cpp">
      <Filter>소스 파일</Filter>
    </ClCompile>
    <ClCompile Include="Source\Modules\Game\Components\ActorComponent.cpp">
      <Filter>소스 파일</Filter>
    </ClCompile>
    <ClCompile Include="Source\Modules\Game\Components\DirectionalLightComponent.cpp">
      <Filter>소스 파일</Filter>
    </ClCompile>
    <ClCompile Include="Source\Modules\Game\Components\SceneComponent.cpp">
      <Filter>소스 파일</Filter>
    </ClCompile>
    <ClCompile Include="Source\Modules\Game\Components\SpotLightComponent.cpp">
      <Filter>소스 파일</Filter>
    </ClCompile>
    <ClCompile Include="Source\Modules\Game\Components\StaticMeshComponent.cpp">
      <Filter>소스 파일</Filter>
    </ClCompile>
    <ClCompile Include="Source\Modules\Game\MeshData.cpp">
      <Filter>소스 파일</Filter>
    </ClCompile>
    <ClCompile Include="Source\Modules\Game\World.cpp">
      <Filter>소스 파일</Filter>
    </ClCompile>
    <ClCompile Include="Source\Modules\Graphics\Dx11Context.cpp">
      <Filter>소스 파일</Filter>
    </ClCompile>
    <ClCompile Include="Source\Modules\Graphics\Material\Material.cpp">
      <Filter>소스 파일</Filter>
    </ClCompile>
    <ClCompile Include="Source\Modules\Graphics\Material\MaterialInstance.cpp">
      <Filter>소스 파일</Filter>
    </ClCompile>
    <ClCompile Include="Source\Modules\Graphics\Material\ParameterBlock.cpp">
      <Filter>소스 파일</Filter>
    </ClCompile>
    <ClCompile Include="Source\Modules\Graphics\Mesh\MeshLoader.cpp">
      <Filter>소스 파일</Filter>
    </ClCompile>
    <ClCompile Include="Source\Modules\Graphics\RenderState.cpp">
      <Filter>소스 파일</Filter>
    </ClCompile>
    <ClCompile Include="Source\Modules\Graphics\ShaderProgram.cpp">
      <Filter>소스 파일</Filter>
    </ClCompile>
    <ClCompile Include="Source\Modules\Graphics\ShadowMap.cpp">
      <Filter>소스 파일</Filter>
    </ClCompile>
    <ClCompile Include="Source\Modules\Graphics\Texture\Texture.cpp">
      <Filter>소스 파일</Filter>
    </ClCompile>
    <ClCompile Include="Source\Modules\Input\Input.cpp">
      <Filter>소스 파일</Filter>
    </ClCompile>
    <ClCompile Include="Source\Modules\Renderer\Cull\Frustum.cpp">
      <Filter>소스 파일</Filter>
    </ClCompile>
    <ClCompile Include="Source\Modules\Renderer\FrameResources.cpp">
      <Filter>소스 파일</Filter>
    </ClCompile>
    <ClCompile Include="Source\Modules\Renderer\Material\MaterialInstanceGPUManager.cpp">
      <Filter>소스 파일</Filter>
    </ClCompile>
    <ClCompile Include="Source\Modules\Renderer\Pass\ForwardPass.cpp">
      <Filter>소스 파일</Filter>
    </ClCompile>
    <ClCompile Include="Source\Modules\Renderer\Pass\ShadowPass.cpp">
      <Filter>소스 파일</Filter>
    </ClCompile>
    <ClCompile Include="Source\Modules\Renderer\Renderer.cpp">
      <Filter>소스 파일</Filter>
    </ClCompile>
    <ClCompile Include="Source\Modules\Renderer\SceneProxy\StaticMeshSceneProxy.cpp">
      <Filter>소스 파일</Filter>
    </ClCompile>
    <ClCompile Include="Source\Modules\Renderer\SceneView.cpp">
      <Filter>소스 파일</Filter>
    </ClCompile>
    <ClCompile Include="Source\Modules\Scene\Camera.cpp">
      <Filter>소스 파일</Filter>
    </ClCompile>
    <ClCompile Include="Source\Modules\Scene\Mesh\MeshManager.cpp">
      <Filter>소스 파일</Filter>
    </ClCompile>
    <ClCompile Include="Source\Modules\Scene\Scene.cpp">
      <Filter>소스 파일</Filter>
    </ClCompile>
    <ClCompile Include="Source\Modules\Scene\Utils\MeshFactory.cpp">
      <Filter>소스 파일</Filter>
    </ClCompile>
    <ClCompile Include="Source\Modules\Scene\Viewport\ViewportClient.cpp">
      <Filter>소스 파일</Filter>
    </ClCompile>
  </ItemGroup>
</Project>